
Microsoft Visual Studio Solution File, Format Version 12.00
# Visual Studio Version 16
VisualStudioVersion = 16.0.29613.14
MinimumVisualStudioVersion = 10.0.40219.1
Project("{FAE04EC0-301F-11D3-BF4B-00C04F79EFBC}") = "Test NetFW", "Test NetFW\Test NetFW.csproj", "{BE8ACE3D-E777-424D-86DF-F07B9BEE0366}"
EndProject
Global
	GlobalSection(SolutionConfigurationPlatforms) = preSolution
		Debug|Any CPU = Debug|Any CPU
		Release|Any CPU = Release|Any CPU
	EndGlobalSection
	GlobalSection(ProjectConfigurationPlatforms) = postSolution
		{BE8ACE3D-E777-424D-86DF-F07B9BEE0366}.Debug|Any CPU.ActiveCfg = Debug|Any CPU
		{BE8ACE3D-E777-424D-86DF-F07B9BEE0366}.Debug|Any CPU.Build.0 = Debug|Any CPU
		{BE8ACE3D-E777-424D-86DF-F07B9BEE0366}.Release|Any CPU.ActiveCfg = Release|Any CPU
		{BE8ACE3D-E777-424D-86DF-F07B9BEE0366}.Release|Any CPU.Build.0 = Release|Any CPU
	EndGlobalSection
	GlobalSection(SolutionProperties) = preSolution
		HideSolutionNode = FALSE
	EndGlobalSection
	GlobalSection(ExtensibilityGlobals) = postSolution
		SolutionGuid = {CF894AB0-86D6-4F93-BFA0-52170F7D383A}
	EndGlobalSection
EndGlobal
